
Microsoft Visual Studio Solution File, Format Version 12.00
# Visual Studio Version 16
VisualStudioVersion = 16.0.30309.148
MinimumVisualStudioVersion = 10.0.40219.1
Project("{FAE04EC0-301F-11D3-BF4B-00C04F79EFBC}") = "GongSolutions.WPF.DragDrop", "GongSolutions.WPF.DragDrop\GongSolutions.WPF.DragDrop.csproj", "{5AD73B2D-DE25-41CC-AFB1-A6EE8A12CD77}"
EndProject
Global
	GlobalSection(SolutionConfigurationPlatforms) = preSolution
		Debug|Any CPU = Debug|Any CPU
		Release|Any CPU = Release|Any CPU
	EndGlobalSection
	GlobalSection(ProjectConfigurationPlatforms) = postSolution
		{5AD73B2D-DE25-41CC-AFB1-A6EE8A12CD77}.Debug|Any CPU.ActiveCfg = Debug|Any CPU
		{5AD73B2D-DE25-41CC-AFB1-A6EE8A12CD77}.Debug|Any CPU.Build.0 = Debug|Any CPU
		{5AD73B2D-DE25-41CC-AFB1-A6EE8A12CD77}.Release|Any CPU.ActiveCfg = Release|Any CPU
		{5AD73B2D-DE25-41CC-AFB1-A6EE8A12CD77}.Release|Any CPU.Build.0 = Release|Any CPU
	EndGlobalSection
	GlobalSection(SolutionProperties) = preSolution
		HideSolutionNode = FALSE
	EndGlobalSection
	GlobalSection(ExtensibilityGlobals) = postSolution
		SolutionGuid = {EB046DA9-82C7-49A7-9D82-4740AFC27B77}
	EndGlobalSection
EndGlobal
